
Microsoft Visual Studio Solution File, Format Version 12.00
# Visual Studio Version 16
VisualStudioVersion = 16.0.34301.259
MinimumVisualStudioVersion = 10.0.40219.1
Project("{FAE04EC0-301F-11D3-BF4B-00C04F79EFBC}") = "QLXe", "QLXe\QLXe.csproj", "{520051A9-831E-40D4-AD4A-6FA81F03940C}"
EndProject
Global
	GlobalSection(SolutionConfigurationPlatforms) = preSolution
		Debug|Any CPU = Debug|Any CPU
		Release|Any CPU = Release|Any CPU
	EndGlobalSection
	GlobalSection(ProjectConfigurationPlatforms) = postSolution
		{520051A9-831E-40D4-AD4A-6FA81F03940C}.Debug|Any CPU.ActiveCfg = Debug|Any CPU
		{520051A9-831E-40D4-AD4A-6FA81F03940C}.Debug|Any CPU.Build.0 = Debug|Any CPU
		{520051A9-831E-40D4-AD4A-6FA81F03940C}.Release|Any CPU.ActiveCfg = Release|Any CPU
		{520051A9-831E-40D4-AD4A-6FA81F03940C}.Release|Any CPU.Build.0 = Release|Any CPU
	EndGlobalSection
	GlobalSection(SolutionProperties) = preSolution
		HideSolutionNode = FALSE
	EndGlobalSection
	GlobalSection(ExtensibilityGlobals) = postSolution
		SolutionGuid = {D2E9E6D1-5302-4895-9892-66F12C35F149}
	EndGlobalSection
EndGlobal
